
Microsoft Visual Studio Solution File, Format Version 12.00
# Visual Studio Version 17
VisualStudioVersion = 17.7.34221.43
MinimumVisualStudioVersion = 10.0.40219.1
Project("{FAE04EC0-301F-11D3-BF4B-00C04F79EFBC}") = "MaxConsecutiveOnes", "MaxConsecutiveOnes.csproj", "{FA0B31A0-174A-4AFD-B59F-836A335B8478}"
EndProject
Global
	GlobalSection(SolutionConfigurationPlatforms) = preSolution
		Debug|Any CPU = Debug|Any CPU
		Release|Any CPU = Release|Any CPU
	EndGlobalSection
	GlobalSection(ProjectConfigurationPlatforms) = postSolution
		{FA0B31A0-174A-4AFD-B59F-836A335B8478}.Debug|Any CPU.ActiveCfg = Debug|Any CPU
		{FA0B31A0-174A-4AFD-B59F-836A335B8478}.Debug|Any CPU.Build.0 = Debug|Any CPU
		{FA0B31A0-174A-4AFD-B59F-836A335B8478}.Release|Any CPU.ActiveCfg = Release|Any CPU
		{FA0B31A0-174A-4AFD-B59F-836A335B8478}.Release|Any CPU.Build.0 = Release|Any CPU
	EndGlobalSection
	GlobalSection(SolutionProperties) = preSolution
		HideSolutionNode = FALSE
	EndGlobalSection
	GlobalSection(ExtensibilityGlobals) = postSolution
		SolutionGuid = {FBB96797-AD1B-4105-9F17-8AF8A0EF0C57}
	EndGlobalSection
EndGlobal
